
Microsoft Visual Studio Solution File, Format Version 12.00
# Visual Studio Version 16
VisualStudioVersion = 16.0.29926.136
MinimumVisualStudioVersion = 10.0.40219.1
Project("{9A19103F-16F7-4668-BE54-9A1E7A4F7556}") = "WSCT.GUI", "WSCT.GUI\WSCT.GUI.csproj", "{AD3F035D-2806-4F94-8C29-09E5E183C36D}"
EndProject
Project("{9A19103F-16F7-4668-BE54-9A1E7A4F7556}") = "WSCT.GUI.Plugins", "WSCT.Plugins\WSCT.GUI.Plugins.csproj", "{44D12C6F-7D70-40EC-864A-01202928D159}"
EndProject
Project("{9A19103F-16F7-4668-BE54-9A1E7A4F7556}") = "Plugin ISO7816 Tools", "Plugin ISO7816 Tools\Plugin ISO7816 Tools.csproj", "{B2F69421-36D1-40E2-B36C-165A622B810C}"
EndProject
Project("{9A19103F-16F7-4668-BE54-9A1E7A4F7556}") = "Plugin Interactive Layer", "Plugin Interactive Layer\Plugin Interactive Layer.csproj", "{4BA36CE0-8FFA-401F-B630-A25EAC2AADDF}"
EndProject
Project("{9A19103F-16F7-4668-BE54-9A1E7A4F7556}") = "Layer Interactive", "Layer Interactive\Layer Interactive.csproj", "{8843A8DE-B802-4049-84CA-7EAB27BCD39F}"
EndProject
Project("{9A19103F-16F7-4668-BE54-9A1E7A4F7556}") = "WSCT.GUI.Launcher", "WSCT.GUI.Launcher\WSCT.GUI.Launcher.csproj", "{056F1E5C-6A73-4C6D-9FFF-CC50B195F218}"
EndProject
Project("{9A19103F-16F7-4668-BE54-9A1E7A4F7556}") = "WSCT.GUI.Common.Resources", "WSCT.GUI.Common.Resources\WSCT.GUI.Common.Resources.csproj", "{43460EDE-D2DF-45E9-A2D3-C57D34384C52}"
EndProject
Global
	GlobalSection(SolutionConfigurationPlatforms) = preSolution
		Debug|Any CPU = Debug|Any CPU
		Release|Any CPU = Release|Any CPU
	EndGlobalSection
	GlobalSection(ProjectConfigurationPlatforms) = postSolution
		{AD3F035D-2806-4F94-8C29-09E5E183C36D}.Debug|Any CPU.ActiveCfg = Debug|Any CPU
		{AD3F035D-2806-4F94-8C29-09E5E183C36D}.Debug|Any CPU.Build.0 = Debug|Any CPU
		{AD3F035D-2806-4F94-8C29-09E5E183C36D}.Release|Any CPU.ActiveCfg = Release|Any CPU
		{AD3F035D-2806-4F94-8C29-09E5E183C36D}.Release|Any CPU.Build.0 = Release|Any CPU
		{44D12C6F-7D70-40EC-864A-01202928D159}.Debug|Any CPU.ActiveCfg = Debug|Any CPU
		{44D12C6F-7D70-40EC-864A-01202928D159}.Debug|Any CPU.Build.0 = Debug|Any CPU
		{44D12C6F-7D70-40EC-864A-01202928D159}.Release|Any CPU.ActiveCfg = Release|Any CPU
		{44D12C6F-7D70-40EC-864A-01202928D159}.Release|Any CPU.Build.0 = Release|Any CPU
		{B2F69421-36D1-40E2-B36C-165A622B810C}.Debug|Any CPU.ActiveCfg = Debug|Any CPU
		{B2F69421-36D1-40E2-B36C-165A622B810C}.Debug|Any CPU.Build.0 = Debug|Any CPU
		{B2F69421-36D1-40E2-B36C-165A622B810C}.Release|Any CPU.ActiveCfg = Release|Any CPU
		{B2F69421-36D1-40E2-B36C-165A622B810C}.Release|Any CPU.Build.0 = Release|Any CPU
		{4BA36CE0-8FFA-401F-B630-A25EAC2AADDF}.Debug|Any CPU.ActiveCfg = Debug|Any CPU
		{4BA36CE0-8FFA-401F-B630-A25EAC2AADDF}.Debug|Any CPU.Build.0 = Debug|Any CPU
		{4BA36CE0-8FFA-401F-B630-A25EAC2AADDF}.Release|Any CPU.ActiveCfg = Release|Any CPU
		{4BA36CE0-8FFA-401F-B630-A25EAC2AADDF}.Release|Any CPU.Build.0 = Release|Any CPU
		{8843A8DE-B802-4049-84CA-7EAB27BCD39F}.Debug|Any CPU.ActiveCfg = Debug|Any CPU
		{8843A8DE-B802-4049-84CA-7EAB27BCD39F}.Debug|Any CPU.Build.0 = Debug|Any CPU
		{8843A8DE-B802-4049-84CA-7EAB27BCD39F}.Release|Any CPU.ActiveCfg = Release|Any CPU
		{8843A8DE-B802-4049-84CA-7EAB27BCD39F}.Release|Any CPU.Build.0 = Release|Any CPU
		{056F1E5C-6A73-4C6D-9FFF-CC50B195F218}.Debug|Any CPU.ActiveCfg = Debug|Any CPU
		{056F1E5C-6A73-4C6D-9FFF-CC50B195F218}.Debug|Any CPU.Build.0 = Debug|Any CPU
		{056F1E5C-6A73-4C6D-9FFF-CC50B195F218}.Release|Any CPU.ActiveCfg = Release|Any CPU
		{056F1E5C-6A73-4C6D-9FFF-CC50B195F218}.Release|Any CPU.Build.0 = Release|Any CPU
		{43460EDE-D2DF-45E9-A2D3-C57D34384C52}.Debug|Any CPU.ActiveCfg = Debug|Any CPU
		{43460EDE-D2DF-45E9-A2D3-C57D34384C52}.Debug|Any CPU.Build.0 = Debug|Any CPU
		{43460EDE-D2DF-45E9-A2D3-C57D34384C52}.Release|Any CPU.ActiveCfg = Release|Any CPU
		{43460EDE-D2DF-45E9-A2D3-C57D34384C52}.Release|Any CPU.Build.0 = Release|Any CPU
	EndGlobalSection
	GlobalSection(SolutionProperties) = preSolution
		HideSolutionNode = FALSE
	EndGlobalSection
	GlobalSection(ExtensibilityGlobals) = postSolution
		SolutionGuid = {49FF5709-4C40-4C5C-9829-29ACDA67EA87}
	EndGlobalSection
	GlobalSection(MonoDevelopProperties) = preSolution
		StartupItem = WSCT.GUI.Launcher\WSCT.GUI.Launcher.csproj
	EndGlobalSection
	GlobalSection(MonoDevelopProperties) = preSolution
		StartupItem = WSCT.Core.ConsoleTests\WSCT.Core.ConsoleTests.csproj
	EndGlobalSection
	GlobalSection(MonoDevelopProperties) = preSolution
		StartupItem = WSCT.Core.ConsoleTests\WSCT.Core.ConsoleTests.csproj
	EndGlobalSection
	GlobalSection(MonoDevelopProperties) = preSolution
		StartupItem = WSCT.Core.ConsoleTests\WSCT.Core.ConsoleTests.csproj
	EndGlobalSection
EndGlobal
